
Microsoft Visual Studio Solution File, Format Version 12.00
# Visual Studio 15
VisualStudioVersion = 15.0.27703.2000
MinimumVisualStudioVersion = 10.0.40219.1
Project("{9A19103F-16F7-4668-BE54-9A1E7A4F7556}") = "fnShopping", "fnShopping\fnShopping.csproj", "{A06D8117-DEBB-43F6-BA95-0028C8F3AF06}"
EndProject
Project("{FAE04EC0-301F-11D3-BF4B-00C04F79EFBC}") = "PhotoStoreDemo", "PhotoStoreDemo\PhotoStoreDemo.csproj", "{D6567F46-7604-4714-9785-F99341AE5C81}"
EndProject
Project("{FAE04EC0-301F-11D3-BF4B-00C04F79EFBC}") = "Common.Client", "ShoppingCommon\Common.Client.csproj", "{3296A215-9FF3-4408-80BA-0F87A29FF9AB}"
EndProject
Project("{FAE04EC0-301F-11D3-BF4B-00C04F79EFBC}") = "Common.Data", "Common.Data\Common.Data.csproj", "{036BD4B8-3465-4073-925A-E75F6394FDDE}"
EndProject
Global
	GlobalSection(SolutionConfigurationPlatforms) = preSolution
		Debug|Any CPU = Debug|Any CPU
		Release|Any CPU = Release|Any CPU
	EndGlobalSection
	GlobalSection(ProjectConfigurationPlatforms) = postSolution
		{A06D8117-DEBB-43F6-BA95-0028C8F3AF06}.Debug|Any CPU.ActiveCfg = Debug|Any CPU
		{A06D8117-DEBB-43F6-BA95-0028C8F3AF06}.Debug|Any CPU.Build.0 = Debug|Any CPU
		{A06D8117-DEBB-43F6-BA95-0028C8F3AF06}.Release|Any CPU.ActiveCfg = Release|Any CPU
		{A06D8117-DEBB-43F6-BA95-0028C8F3AF06}.Release|Any CPU.Build.0 = Release|Any CPU
		{D6567F46-7604-4714-9785-F99341AE5C81}.Debug|Any CPU.ActiveCfg = Debug|Any CPU
		{D6567F46-7604-4714-9785-F99341AE5C81}.Debug|Any CPU.Build.0 = Debug|Any CPU
		{D6567F46-7604-4714-9785-F99341AE5C81}.Release|Any CPU.ActiveCfg = Release|Any CPU
		{D6567F46-7604-4714-9785-F99341AE5C81}.Release|Any CPU.Build.0 = Release|Any CPU
		{3296A215-9FF3-4408-80BA-0F87A29FF9AB}.Debug|Any CPU.ActiveCfg = Debug|Any CPU
		{3296A215-9FF3-4408-80BA-0F87A29FF9AB}.Debug|Any CPU.Build.0 = Debug|Any CPU
		{3296A215-9FF3-4408-80BA-0F87A29FF9AB}.Release|Any CPU.ActiveCfg = Release|Any CPU
		{3296A215-9FF3-4408-80BA-0F87A29FF9AB}.Release|Any CPU.Build.0 = Release|Any CPU
		{036BD4B8-3465-4073-925A-E75F6394FDDE}.Debug|Any CPU.ActiveCfg = Debug|Any CPU
		{036BD4B8-3465-4073-925A-E75F6394FDDE}.Debug|Any CPU.Build.0 = Debug|Any CPU
		{036BD4B8-3465-4073-925A-E75F6394FDDE}.Release|Any CPU.ActiveCfg = Release|Any CPU
		{036BD4B8-3465-4073-925A-E75F6394FDDE}.Release|Any CPU.Build.0 = Release|Any CPU
	EndGlobalSection
	GlobalSection(SolutionProperties) = preSolution
		HideSolutionNode = FALSE
	EndGlobalSection
	GlobalSection(ExtensibilityGlobals) = postSolution
		SolutionGuid = {E2C2AE5C-705B-47F3-9DA3-95647F91B405}
		EnterpriseLibraryConfigurationToolBinariesPathV6 = packages\EnterpriseLibrary.TransientFaultHandling.6.0.1304.0\lib\portable-net45+win+wp8
	EndGlobalSection
EndGlobal
